
Microsoft Visual Studio Solution File, Format Version 12.00
# Visual Studio Version 16
VisualStudioVersion = 16.0.29709.97
MinimumVisualStudioVersion = 10.0.40219.1
Project("{2150E333-8FDC-42A3-9474-1A3956D46DE8}") = "Presentation", "Presentation", "{F9E056A5-7CCA-4240-8EF8-7B5335EF1983}"
EndProject
Project("{9A19103F-16F7-4668-BE54-9A1E7A4F7556}") = "Weather.UI", "Presentation\Weather.UI\Weather.UI.csproj", "{C949CDC1-CAE0-4690-893F-76E691F76B97}"
EndProject
Global
	GlobalSection(SolutionConfigurationPlatforms) = preSolution
		Debug|Any CPU = Debug|Any CPU
		Release|Any CPU = Release|Any CPU
	EndGlobalSection
	GlobalSection(ProjectConfigurationPlatforms) = postSolution
		{C949CDC1-CAE0-4690-893F-76E691F76B97}.Debug|Any CPU.ActiveCfg = Debug|Any CPU
		{C949CDC1-CAE0-4690-893F-76E691F76B97}.Debug|Any CPU.Build.0 = Debug|Any CPU
		{C949CDC1-CAE0-4690-893F-76E691F76B97}.Release|Any CPU.ActiveCfg = Release|Any CPU
		{C949CDC1-CAE0-4690-893F-76E691F76B97}.Release|Any CPU.Build.0 = Release|Any CPU
	EndGlobalSection
	GlobalSection(SolutionProperties) = preSolution
		HideSolutionNode = FALSE
	EndGlobalSection
	GlobalSection(NestedProjects) = preSolution
		{C949CDC1-CAE0-4690-893F-76E691F76B97} = {F9E056A5-7CCA-4240-8EF8-7B5335EF1983}
	EndGlobalSection
	GlobalSection(ExtensibilityGlobals) = postSolution
		SolutionGuid = {980D1A93-D544-4959-AF3E-F7828FA80D4C}
	EndGlobalSection
EndGlobal
